
Microsoft Visual Studio Solution File, Format Version 12.00
# Visual Studio Version 16
VisualStudioVersion = 16.0.33027.164
MinimumVisualStudioVersion = 10.0.40219.1
Project("{FAE04EC0-301F-11D3-BF4B-00C04F79EFBC}") = "10.22", "10.22.csproj", "{AF016AEA-B81C-4A0F-BA91-A470A606D3B0}"
EndProject
Global
	GlobalSection(SolutionConfigurationPlatforms) = preSolution
		Debug|Any CPU = Debug|Any CPU
		Release|Any CPU = Release|Any CPU
	EndGlobalSection
	GlobalSection(ProjectConfigurationPlatforms) = postSolution
		{AF016AEA-B81C-4A0F-BA91-A470A606D3B0}.Debug|Any CPU.ActiveCfg = Debug|Any CPU
		{AF016AEA-B81C-4A0F-BA91-A470A606D3B0}.Debug|Any CPU.Build.0 = Debug|Any CPU
		{AF016AEA-B81C-4A0F-BA91-A470A606D3B0}.Release|Any CPU.ActiveCfg = Release|Any CPU
		{AF016AEA-B81C-4A0F-BA91-A470A606D3B0}.Release|Any CPU.Build.0 = Release|Any CPU
	EndGlobalSection
	GlobalSection(SolutionProperties) = preSolution
		HideSolutionNode = FALSE
	EndGlobalSection
	GlobalSection(ExtensibilityGlobals) = postSolution
		SolutionGuid = {4795CBA8-762D-4C54-9E7E-C601C3298DDB}
	EndGlobalSection
EndGlobal
